// !$*UTF8*$!
{
	archiveVersion = 1;
	classes = {
	};
	objectVersion = 55;
	objects = {

/* Begin PBXBuildFile section */
		AF6806F627BF3AAC00E94502 /* LandmarksApp.swift in Sources */ = {isa = PBXBuildFile; fileRef = AF6806E627BF3AAA00E94502 /* LandmarksApp.swift */; };
		AF6806F727BF3AAC00E94502 /* LandmarksApp.swift in Sources */ = {isa = PBXBuildFile; fileRef = AF6806E627BF3AAA00E94502 /* LandmarksApp.swift */; };
		AF6806F827BF3AAC00E94502 /* ContentView.swift in Sources */ = {isa = PBXBuildFile; fileRef = AF6806E727BF3AAA00E94502 /* ContentView.swift */; };
		AF6806F927BF3AAC00E94502 /* ContentView.swift in Sources */ = {isa = PBXBuildFile; fileRef = AF6806E727BF3AAA00E94502 /* ContentView.swift */; };
		AF6806FA27BF3AAC00E94502 /* Assets.xcassets in Resources */ = {isa = PBXBuildFile; fileRef = AF6806E827BF3AAC00E94502 /* Assets.xcassets */; };
		AF6806FB27BF3AAC00E94502 /* Assets.xcassets in Resources */ = {isa = PBXBuildFile; fileRef = AF6806E827BF3AAC00E94502 /* Assets.xcassets */; };
		AF68070527BF3D8200E94502 /* CircleImage.swift in Sources */ = {isa = PBXBuildFile; fileRef = AF68070427BF3D8200E94502 /* CircleImage.swift */; };
		AF68070627BF3D8200E94502 /* CircleImage.swift in Sources */ = {isa = PBXBuildFile; fileRef = AF68070427BF3D8200E94502 /* CircleImage.swift */; };
		AF68070827BF3EBF00E94502 /* MapView.swift in Sources */ = {isa = PBXBuildFile; fileRef = AF68070727BF3EBF00E94502 /* MapView.swift */; };
		AF68070927BF3EBF00E94502 /* MapView.swift in Sources */ = {isa = PBXBuildFile; fileRef = AF68070727BF3EBF00E94502 /* MapView.swift */; };
		AF68070B27BF413E00E94502 /* landmarkData.json in Resources */ = {isa = PBXBuildFile; fileRef = AF68070A27BF413E00E94502 /* landmarkData.json */; };
		AF68070C27BF413E00E94502 /* landmarkData.json in Resources */ = {isa = PBXBuildFile; fileRef = AF68070A27BF413E00E94502 /* landmarkData.json */; };
		AF68070E27BF415900E94502 /* Landmark.swift in Sources */ = {isa = PBXBuildFile; fileRef = AF68070D27BF415900E94502 /* Landmark.swift */; };
		AF68070F27BF415900E94502 /* Landmark.swift in Sources */ = {isa = PBXBuildFile; fileRef = AF68070D27BF415900E94502 /* Landmark.swift */; };
		AF68071127BF42BF00E94502 /* ModelData.swift in Sources */ = {isa = PBXBuildFile; fileRef = AF68071027BF42BF00E94502 /* ModelData.swift */; };
		AF68071227BF42BF00E94502 /* ModelData.swift in Sources */ = {isa = PBXBuildFile; fileRef = AF68071027BF42BF00E94502 /* ModelData.swift */; };
		AF68071A27BF450200E94502 /* LandmarkRow.swift in Sources */ = {isa = PBXBuildFile; fileRef = AF68071927BF450200E94502 /* LandmarkRow.swift */; };
		AF68071B27BF450200E94502 /* LandmarkRow.swift in Sources */ = {isa = PBXBuildFile; fileRef = AF68071927BF450200E94502 /* LandmarkRow.swift */; };
		AF68071D27BF471500E94502 /* LandmarkList.swift in Sources */ = {isa = PBXBuildFile; fileRef = AF68071C27BF471500E94502 /* LandmarkList.swift */; };
		AF68071E27BF471500E94502 /* LandmarkList.swift in Sources */ = {isa = PBXBuildFile; fileRef = AF68071C27BF471500E94502 /* LandmarkList.swift */; };
		AF68072027BF47FA00E94502 /* LandmarkDetail.swift in Sources */ = {isa = PBXBuildFile; fileRef = AF68071F27BF47FA00E94502 /* LandmarkDetail.swift */; };
		AF68072127BF47FA00E94502 /* LandmarkDetail.swift in Sources */ = {isa = PBXBuildFile; fileRef = AF68071F27BF47FA00E94502 /* LandmarkDetail.swift */; };
		AF68072327BF552F00E94502 /* FavoriteButton.swift in Sources */ = {isa = PBXBuildFile; fileRef = AF68072227BF552E00E94502 /* FavoriteButton.swift */; };
		AF68072427BF552F00E94502 /* FavoriteButton.swift in Sources */ = {isa = PBXBuildFile; fileRef = AF68072227BF552E00E94502 /* FavoriteButton.swift */; };
		AFF0942C27C07EF0001B8B7C /* HexagonParameters.swift in Sources */ = {isa = PBXBuildFile; fileRef = AFF0942B27C07EF0001B8B7C /* HexagonParameters.swift */; };
		AFF0942D27C07EF0001B8B7C /* HexagonParameters.swift in Sources */ = {isa = PBXBuildFile; fileRef = AFF0942B27C07EF0001B8B7C /* HexagonParameters.swift */; };
		AFF0942F27C080DC001B8B7C /* BadgeBackground.swift in Sources */ = {isa = PBXBuildFile; fileRef = AFF0942E27C080DC001B8B7C /* BadgeBackground.swift */; };
		AFF0943027C080DC001B8B7C /* BadgeBackground.swift in Sources */ = {isa = PBXBuildFile; fileRef = AFF0942E27C080DC001B8B7C /* BadgeBackground.swift */; };
		AFF0943227C08631001B8B7C /* BadgeSymbol.swift in Sources */ = {isa = PBXBuildFile; fileRef = AFF0943127C08631001B8B7C /* BadgeSymbol.swift */; };
		AFF0943327C08631001B8B7C /* BadgeSymbol.swift in Sources */ = {isa = PBXBuildFile; fileRef = AFF0943127C08631001B8B7C /* BadgeSymbol.swift */; };
		AFF0943527C088CD001B8B7C /* RotatedBadgeSymbol.swift in Sources */ = {isa = PBXBuildFile; fileRef = AFF0943427C088CD001B8B7C /* RotatedBadgeSymbol.swift */; };
		AFF0943627C088CD001B8B7C /* RotatedBadgeSymbol.swift in Sources */ = {isa = PBXBuildFile; fileRef = AFF0943427C088CD001B8B7C /* RotatedBadgeSymbol.swift */; };
		AFF0943827C08913001B8B7C /* Badge.swift in Sources */ = {isa = PBXBuildFile; fileRef = AFF0943727C08913001B8B7C /* Badge.swift */; };
		AFF0943927C08913001B8B7C /* Badge.swift in Sources */ = {isa = PBXBuildFile; fileRef = AFF0943727C08913001B8B7C /* Badge.swift */; };
/* End PBXBuildFile section */

/* Begin PBXFileReference section */
		AF6806E627BF3AAA00E94502 /* LandmarksApp.swift */ = {isa = PBXFileReference; lastKnownFileType = sourcecode.swift; path = LandmarksApp.swift; sourceTree = "<group>"; };
		AF6806E727BF3AAA00E94502 /* ContentView.swift */ = {isa = PBXFileReference; lastKnownFileType = sourcecode.swift; path = ContentView.swift; sourceTree = "<group>"; };
		AF6806E827BF3AAC00E94502 /* Assets.xcassets */ = {isa = PBXFileReference; lastKnownFileType = folder.assetcatalog; path = Assets.xcassets; sourceTree = "<group>"; };
		AF6806ED27BF3AAC00E94502 /* Landmarks.app */ = {isa = PBXFileReference; explicitFileType = wrapper.application; includeInIndex = 0; path = Landmarks.app; sourceTree = BUILT_PRODUCTS_DIR; };
		AF6806F327BF3AAC00E94502 /* Landmarks.app */ = {isa = PBXFileReference; explicitFileType = wrapper.application; includeInIndex = 0; path = Landmarks.app; sourceTree = BUILT_PRODUCTS_DIR; };
		AF6806F527BF3AAC00E94502 /* macOS.entitlements */ = {isa = PBXFileReference; lastKnownFileType = text.plist.entitlements; path = macOS.entitlements; sourceTree = "<group>"; };
		AF68070427BF3D8200E94502 /* CircleImage.swift */ = {isa = PBXFileReference; lastKnownFileType = sourcecode.swift; path = CircleImage.swift; sourceTree = "<group>"; };
		AF68070727BF3EBF00E94502 /* MapView.swift */ = {isa = PBXFileReference; lastKnownFileType = sourcecode.swift; path = MapView.swift; sourceTree = "<group>"; };
		AF68070A27BF413E00E94502 /* landmarkData.json */ = {isa = PBXFileReference; fileEncoding = 4; lastKnownFileType = text.json; path = landmarkData.json; sourceTree = "<group>"; };
		AF68070D27BF415900E94502 /* Landmark.swift */ = {isa = PBXFileReference; lastKnownFileType = sourcecode.swift; path = Landmark.swift; sourceTree = "<group>"; };
		AF68071027BF42BF00E94502 /* ModelData.swift */ = {isa = PBXFileReference; lastKnownFileType = sourcecode.swift; path = ModelData.swift; sourceTree = "<group>"; };
		AF68071927BF450200E94502 /* LandmarkRow.swift */ = {isa = PBXFileReference; lastKnownFileType = sourcecode.swift; path = LandmarkRow.swift; sourceTree = "<group>"; };
		AF68071C27BF471500E94502 /* LandmarkList.swift */ = {isa = PBXFileReference; lastKnownFileType = sourcecode.swift; path = LandmarkList.swift; sourceTree = "<group>"; };
		AF68071F27BF47FA00E94502 /* LandmarkDetail.swift */ = {isa = PBXFileReference; lastKnownFileType = sourcecode.swift; path = LandmarkDetail.swift; sourceTree = "<group>"; };
		AF68072227BF552E00E94502 /* FavoriteButton.swift */ = {isa = PBXFileReference; lastKnownFileType = sourcecode.swift; path = FavoriteButton.swift; sourceTree = "<group>"; };
		AFF0942B27C07EF0001B8B7C /* HexagonParameters.swift */ = {isa = PBXFileReference; lastKnownFileType = sourcecode.swift; path = HexagonParameters.swift; sourceTree = "<group>"; };
		AFF0942E27C080DC001B8B7C /* BadgeBackground.swift */ = {isa = PBXFileReference; lastKnownFileType = sourcecode.swift; path = BadgeBackground.swift; sourceTree = "<group>"; };
		AFF0943127C08631001B8B7C /* BadgeSymbol.swift */ = {isa = PBXFileReference; lastKnownFileType = sourcecode.swift; path = BadgeSymbol.swift; sourceTree = "<group>"; };
		AFF0943427C088CD001B8B7C /* RotatedBadgeSymbol.swift */ = {isa = PBXFileReference; lastKnownFileType = sourcecode.swift; path = RotatedBadgeSymbol.swift; sourceTree = "<group>"; };
		AFF0943727C08913001B8B7C /* Badge.swift */ = {isa = PBXFileReference; lastKnownFileType = sourcecode.swift; path = Badge.swift; sourceTree = "<group>"; };
/* End PBXFileReference section */

/* Begin PBXFrameworksBuildPhase section */
		AF6806EA27BF3AAC00E94502 /* Frameworks */ = {
			isa = PBXFrameworksBuildPhase;
			buildActionMask = 2147483647;
			files = (
			);
			runOnlyForDeploymentPostprocessing = 0;
		};
		AF6806F027BF3AAC00E94502 /* Frameworks */ = {
			isa = PBXFrameworksBuildPhase;
			buildActionMask = 2147483647;
			files = (
			);
			runOnlyForDeploymentPostprocessing = 0;
		};
/* End PBXFrameworksBuildPhase section */

/* Begin PBXGroup section */
		AF6806E027BF3AAA00E94502 = {
			isa = PBXGroup;
			children = (
				AF6806E527BF3AAA00E94502 /* Shared */,
				AF6806F427BF3AAC00E94502 /* macOS */,
				AF6806EE27BF3AAC00E94502 /* Products */,
			);
			sourceTree = "<group>";
		};
		AF6806E527BF3AAA00E94502 /* Shared */ = {
			isa = PBXGroup;
			children = (
				AF6806E627BF3AAA00E94502 /* LandmarksApp.swift */,
				AF68071527BF446600E94502 /* Resources */,
				AF68071427BF445400E94502 /* Model */,
				AF68071327BF444100E94502 /* Views */,
				AF6806E827BF3AAC00E94502 /* Assets.xcassets */,
			);
			path = Shared;
			sourceTree = "<group>";
		};
		AF6806EE27BF3AAC00E94502 /* Products */ = {
			isa = PBXGroup;
			children = (
				AF6806ED27BF3AAC00E94502 /* Landmarks.app */,
				AF6806F327BF3AAC00E94502 /* Landmarks.app */,
			);
			name = Products;
			sourceTree = "<group>";
		};
		AF6806F427BF3AAC00E94502 /* macOS */ = {
			isa = PBXGroup;
			children = (
				AF6806F527BF3AAC00E94502 /* macOS.entitlements */,
			);
			path = macOS;
			sourceTree = "<group>";
		};
		AF68071327BF444100E94502 /* Views */ = {
			isa = PBXGroup;
			children = (
				AF68072527BF563000E94502 /* Landmarks */,
				AF68072627BF563D00E94502 /* Helpers */,
				AF6806E727BF3AAA00E94502 /* ContentView.swift */,
				AFF0943A27C08CFF001B8B7C /* Badge */,
			);
			path = Views;
			sourceTree = "<group>";
		};
		AF68071427BF445400E94502 /* Model */ = {
			isa = PBXGroup;
			children = (
				AF68070D27BF415900E94502 /* Landmark.swift */,
				AF68071027BF42BF00E94502 /* ModelData.swift */,
			);
			path = Model;
			sourceTree = "<group>";
		};
		AF68071527BF446600E94502 /* Resources */ = {
			isa = PBXGroup;
			children = (
				AF68070A27BF413E00E94502 /* landmarkData.json */,
			);
			path = Resources;
			sourceTree = "<group>";
		};
		AF68072527BF563000E94502 /* Landmarks */ = {
			isa = PBXGroup;
			children = (
				AF68071927BF450200E94502 /* LandmarkRow.swift */,
				AF68071C27BF471500E94502 /* LandmarkList.swift */,
				AF68071F27BF47FA00E94502 /* LandmarkDetail.swift */,
			);
			path = Landmarks;
			sourceTree = "<group>";
		};
		AF68072627BF563D00E94502 /* Helpers */ = {
			isa = PBXGroup;
			children = (
				AF68070427BF3D8200E94502 /* CircleImage.swift */,
				AF68070727BF3EBF00E94502 /* MapView.swift */,
				AF68072227BF552E00E94502 /* FavoriteButton.swift */,
			);
			path = Helpers;
			sourceTree = "<group>";
		};
		AFF0943A27C08CFF001B8B7C /* Badge */ = {
			isa = PBXGroup;
			children = (
				AFF0942B27C07EF0001B8B7C /* HexagonParameters.swift */,
				AFF0942E27C080DC001B8B7C /* BadgeBackground.swift */,
				AFF0943127C08631001B8B7C /* BadgeSymbol.swift */,
				AFF0943427C088CD001B8B7C /* RotatedBadgeSymbol.swift */,
				AFF0943727C08913001B8B7C /* Badge.swift */,
			);
			path = Badge;
			sourceTree = "<group>";
		};
/* End PBXGroup section */

/* Begin PBXNativeTarget section */
		AF6806EC27BF3AAC00E94502 /* Landmarks (iOS) */ = {
			isa = PBXNativeTarget;
			buildConfigurationList = AF6806FE27BF3AAD00E94502 /* Build configuration list for PBXNativeTarget "Landmarks (iOS)" */;
			buildPhases = (
				AF6806E927BF3AAC00E94502 /* Sources */,
				AF6806EA27BF3AAC00E94502 /* Frameworks */,
				AF6806EB27BF3AAC00E94502 /* Resources */,
			);
			buildRules = (
			);
			dependencies = (
			);
			name = "Landmarks (iOS)";
			productName = "Landmarks (iOS)";
			productReference = AF6806ED27BF3AAC00E94502 /* Landmarks.app */;
			productType = "com.apple.product-type.application";
		};
		AF6806F227BF3AAC00E94502 /* Landmarks (macOS) */ = {
			isa = PBXNativeTarget;
			buildConfigurationList = AF68070127BF3AAD00E94502 /* Build configuration list for PBXNativeTarget "Landmarks (macOS)" */;
			buildPhases = (
				AF6806EF27BF3AAC00E94502 /* Sources */,
				AF6806F027BF3AAC00E94502 /* Frameworks */,
				AF6806F127BF3AAC00E94502 /* Resources */,
			);
			buildRules = (
			);
			dependencies = (
			);
			name = "Landmarks (macOS)";
			productName = "Landmarks (macOS)";
			productReference = AF6806F327BF3AAC00E94502 /* Landmarks.app */;
			productType = "com.apple.product-type.application";
		};
/* End PBXNativeTarget section */

/* Begin PBXProject section */
		AF6806E127BF3AAA00E94502 /* Project object */ = {
			isa = PBXProject;
			attributes = {
				BuildIndependentTargetsInParallel = 1;
				LastSwiftUpdateCheck = 1320;
				LastUpgradeCheck = 1320;
				TargetAttributes = {
					AF6806EC27BF3AAC00E94502 = {
						CreatedOnToolsVersion = 13.2.1;
					};
					AF6806F227BF3AAC00E94502 = {
						CreatedOnToolsVersion = 13.2.1;
					};
				};
			};
			buildConfigurationList = AF6806E427BF3AAA00E94502 /* Build configuration list for PBXProject "Landmarks" */;
			compatibilityVersion = "Xcode 13.0";
			developmentRegion = en;
			hasScannedForEncodings = 0;
			knownRegions = (
				en,
				Base,
			);
			mainGroup = AF6806E027BF3AAA00E94502;
			productRefGroup = AF6806EE27BF3AAC00E94502 /* Products */;
			projectDirPath = "";
			projectRoot = "";
			targets = (
				AF6806EC27BF3AAC00E94502 /* Landmarks (iOS) */,
				AF6806F227BF3AAC00E94502 /* Landmarks (macOS) */,
			);
		};
/* End PBXProject section */

/* Begin PBXResourcesBuildPhase section */
		AF6806EB27BF3AAC00E94502 /* Resources */ = {
			isa = PBXResourcesBuildPhase;
			buildActionMask = 2147483647;
			files = (
				AF6806FA27BF3AAC00E94502 /* Assets.xcassets in Resources */,
				AF68070B27BF413E00E94502 /* landmarkData.json in Resources */,
			);
			runOnlyForDeploymentPostprocessing = 0;
		};
		AF6806F127BF3AAC00E94502 /* Resources */ = {
			isa = PBXResourcesBuildPhase;
			buildActionMask = 2147483647;
			files = (
				AF6806FB27BF3AAC00E94502 /* Assets.xcassets in Resources */,
				AF68070C27BF413E00E94502 /* landmarkData.json in Resources */,
			);
			runOnlyForDeploymentPostprocessing = 0;
		};
/* End PBXResourcesBuildPhase section */

/* Begin PBXSourcesBuildPhase section */
		AF6806E927BF3AAC00E94502 /* Sources */ = {
			isa = PBXSourcesBuildPhase;
			buildActionMask = 2147483647;
			files = (
				AF6806F827BF3AAC00E94502 /* ContentView.swift in Sources */,
				AFF0943827C08913001B8B7C /* Badge.swift in Sources */,
				AF68070827BF3EBF00E94502 /* MapView.swift in Sources */,
				AF6806F627BF3AAC00E94502 /* LandmarksApp.swift in Sources */,
				AF68072327BF552F00E94502 /* FavoriteButton.swift in Sources */,
				AFF0942C27C07EF0001B8B7C /* HexagonParameters.swift in Sources */,
				AFF0943527C088CD001B8B7C /* RotatedBadgeSymbol.swift in Sources */,
				AFF0943227C08631001B8B7C /* BadgeSymbol.swift in Sources */,
				AF68071D27BF471500E94502 /* LandmarkList.swift in Sources */,
				AF68072027BF47FA00E94502 /* LandmarkDetail.swift in Sources */,
				AFF0942F27C080DC001B8B7C /* BadgeBackground.swift in Sources */,
				AF68070527BF3D8200E94502 /* CircleImage.swift in Sources */,
				AF68070E27BF415900E94502 /* Landmark.swift in Sources */,
				AF68071A27BF450200E94502 /* LandmarkRow.swift in Sources */,
				AF68071127BF42BF00E94502 /* ModelData.swift in Sources */,
			);
			runOnlyForDeploymentPostprocessing = 0;
		};
		AF6806EF27BF3AAC00E94502 /* Sources */ = {
			isa = PBXSourcesBuildPhase;
			buildActionMask = 2147483647;
			files = (
				AF6806F927BF3AAC00E94502 /* ContentView.swift in Sources */,
				AFF0943927C08913001B8B7C /* Badge.swift in Sources */,
				AF68070927BF3EBF00E94502 /* MapView.swift in Sources */,
				AF6806F727BF3AAC00E94502 /* LandmarksApp.swift in Sources */,
				AF68072427BF552F00E94502 /* FavoriteButton.swift in Sources */,
				AFF0942D27C07EF0001B8B7C /* HexagonParameters.swift in Sources */,
				AFF0943627C088CD001B8B7C /* RotatedBadgeSymbol.swift in Sources */,
				AFF0943327C08631001B8B7C /* BadgeSymbol.swift in Sources */,
				AF68071E27BF471500E94502 /* LandmarkList.swift in Sources */,
				AF68072127BF47FA00E94502 /* LandmarkDetail.swift in Sources */,
				AFF0943027C080DC001B8B7C /* BadgeBackground.swift in Sources */,
				AF68070627BF3D8200E94502 /* CircleImage.swift in Sources */,
				AF68070F27BF415900E94502 /* Landmark.swift in Sources */,
				AF68071B27BF450200E94502 /* LandmarkRow.swift in Sources */,
				AF68071227BF42BF00E94502 /* ModelData.swift in Sources */,
			);
			runOnlyForDeploymentPostprocessing = 0;
		};
/* End PBXSourcesBuildPhase section */

/* Begin XCBuildConfiguration section */
		AF6806FC27BF3AAC00E94502 /* Debug */ = {
			isa = XCBuildConfiguration;
			buildSettings = {
				ALWAYS_SEARCH_USER_PATHS = NO;
				CLANG_ANALYZER_NONNULL = YES;
				CLANG_ANALYZER_NUMBER_OBJECT_CONVERSION = YES_AGGRESSIVE;
				CLANG_CXX_LANGUAGE_STANDARD = "gnu++17";
				CLANG_CXX_LIBRARY = "libc++";
				CLANG_ENABLE_MODULES = YES;
				CLANG_ENABLE_OBJC_ARC = YES;
				CLANG_ENABLE_OBJC_WEAK = YES;
				CLANG_WARN_BLOCK_CAPTURE_AUTORELEASING = YES;
				CLANG_WARN_BOOL_CONVERSION = YES;
				CLANG_WARN_COMMA = YES;
				CLANG_WARN_CONSTANT_CONVERSION = YES;
				CLANG_WARN_DEPRECATED_OBJC_IMPLEMENTATIONS = YES;
				CLANG_WARN_DIRECT_OBJC_ISA_USAGE = YES_ERROR;
				CLANG_WARN_DOCUMENTATION_COMMENTS = YES;
				CLANG_WARN_EMPTY_BODY = YES;
				CLANG_WARN_ENUM_CONVERSION = YES;
				CLANG_WARN_INFINITE_RECURSION = YES;
				CLANG_WARN_INT_CONVERSION = YES;
				CLANG_WARN_NON_LITERAL_NULL_CONVERSION = YES;
				CLANG_WARN_OBJC_IMPLICIT_RETAIN_SELF = YES;
				CLANG_WARN_OBJC_LITERAL_CONVERSION = YES;
				CLANG_WARN_OBJC_ROOT_CLASS = YES_ERROR;
				CLANG_WARN_QUOTED_INCLUDE_IN_FRAMEWORK_HEADER = YES;
				CLANG_WARN_RANGE_LOOP_ANALYSIS = YES;
				CLANG_WARN_STRICT_PROTOTYPES = YES;
				CLANG_WARN_SUSPICIOUS_MOVE = YES;
				CLANG_WARN_UNGUARDED_AVAILABILITY = YES_AGGRESSIVE;
				CLANG_WARN_UNREACHABLE_CODE = YES;
				CLANG_WARN__DUPLICATE_METHOD_MATCH = YES;
				COPY_PHASE_STRIP = NO;
				DEBUG_INFORMATION_FORMAT = dwarf;
				ENABLE_STRICT_OBJC_MSGSEND = YES;
				ENABLE_TESTABILITY = YES;
				GCC_C_LANGUAGE_STANDARD = gnu11;
				GCC_DYNAMIC_NO_PIC = NO;
				GCC_NO_COMMON_BLOCKS = YES;
				GCC_OPTIMIZATION_LEVEL = 0;
				GCC_PREPROCESSOR_DEFINITIONS = (
					"DEBUG=1",
					"$(inherited)",
				);
				GCC_WARN_64_TO_32_BIT_CONVERSION = YES;
				GCC_WARN_ABOUT_RETURN_TYPE = YES_ERROR;
				GCC_WARN_UNDECLARED_SELECTOR = YES;
				GCC_WARN_UNINITIALIZED_AUTOS = YES_AGGRESSIVE;
				GCC_WARN_UNUSED_FUNCTION = YES;
				GCC_WARN_UNUSED_VARIABLE = YES;
				MTL_ENABLE_DEBUG_INFO = INCLUDE_SOURCE;
				MTL_FAST_MATH = YES;
				ONLY_ACTIVE_ARCH = YES;
				SWIFT_ACTIVE_COMPILATION_CONDITIONS = DEBUG;
				SWIFT_OPTIMIZATION_LEVEL = "-Onone";
			};
			name = Debug;
		};
		AF6806FD27BF3AAC00E94502 /* Release */ = {
			isa = XCBuildConfiguration;
			buildSettings = {
				ALWAYS_SEARCH_USER_PATHS = NO;
				CLANG_ANALYZER_NONNULL = YES;
				CLANG_ANALYZER_NUMBER_OBJECT_CONVERSION = YES_AGGRESSIVE;
				CLANG_CXX_LANGUAGE_STANDARD = "gnu++17";
				CLANG_CXX_LIBRARY = "libc++";
				CLANG_ENABLE_MODULES = YES;
				CLANG_ENABLE_OBJC_ARC = YES;
				CLANG_ENABLE_OBJC_WEAK = YES;
				CLANG_WARN_BLOCK_CAPTURE_AUTORELEASING = YES;
				CLANG_WARN_BOOL_CONVERSION = YES;
				CLANG_WARN_COMMA = YES;
				CLANG_WARN_CONSTANT_CONVERSION = YES;
				CLANG_WARN_DEPRECATED_OBJC_IMPLEMENTATIONS = YES;
				CLANG_WARN_DIRECT_OBJC_ISA_USAGE = YES_ERROR;
				CLANG_WARN_DOCUMENTATION_COMMENTS = YES;
				CLANG_WARN_EMPTY_BODY = YES;
				CLANG_WARN_ENUM_CONVERSION = YES;
				CLANG_WARN_INFINITE_RECURSION = YES;
				CLANG_WARN_INT_CONVERSION = YES;
				CLANG_WARN_NON_LITERAL_NULL_CONVERSION = YES;
				CLANG_WARN_OBJC_IMPLICIT_RETAIN_SELF = YES;
				CLANG_WARN_OBJC_LITERAL_CONVERSION = YES;
				CLANG_WARN_OBJC_ROOT_CLASS = YES_ERROR;
				CLANG_WARN_QUOTED_INCLUDE_IN_FRAMEWORK_HEADER = YES;
				CLANG_WARN_RANGE_LOOP_ANALYSIS = YES;
				CLANG_WARN_STRICT_PROTOTYPES = YES;
				CLANG_WARN_SUSPICIOUS_MOVE = YES;
				CLANG_WARN_UNGUARDED_AVAILABILITY = YES_AGGRESSIVE;
				CLANG_WARN_UNREACHABLE_CODE = YES;
				CLANG_WARN__DUPLICATE_METHOD_MATCH = YES;
				COPY_PHASE_STRIP = NO;
				DEBUG_INFORMATION_FORMAT = "dwarf-with-dsym";
				ENABLE_NS_ASSERTIONS = NO;
				ENABLE_STRICT_OBJC_MSGSEND = YES;
				GCC_C_LANGUAGE_STANDARD = gnu11;
				GCC_NO_COMMON_BLOCKS = YES;
				GCC_WARN_64_TO_32_BIT_CONVERSION = YES;
				GCC_WARN_ABOUT_RETURN_TYPE = YES_ERROR;
				GCC_WARN_UNDECLARED_SELECTOR = YES;
				GCC_WARN_UNINITIALIZED_AUTOS = YES_AGGRESSIVE;
				GCC_WARN_UNUSED_FUNCTION = YES;
				GCC_WARN_UNUSED_VARIABLE = YES;
				MTL_ENABLE_DEBUG_INFO = NO;
				MTL_FAST_MATH = YES;
				SWIFT_COMPILATION_MODE = wholemodule;
				SWIFT_OPTIMIZATION_LEVEL = "-O";
			};
			name = Release;
		};
		AF6806FF27BF3AAD00E94502 /* Debug */ = {
			isa = XCBuildConfiguration;
			buildSettings = {
				ASSETCATALOG_COMPILER_APPICON_NAME = AppIcon;
				ASSETCATALOG_COMPILER_GLOBAL_ACCENT_COLOR_NAME = AccentColor;
				CODE_SIGN_STYLE = Automatic;
				CURRENT_PROJECT_VERSION = 1;
				DEVELOPMENT_TEAM = TBRSJDQ6L7;
				ENABLE_PREVIEWS = YES;
				GENERATE_INFOPLIST_FILE = YES;
				INFOPLIST_KEY_UIApplicationSceneManifest_Generation = YES;
				INFOPLIST_KEY_UIApplicationSupportsIndirectInputEvents = YES;
				INFOPLIST_KEY_UILaunchScreen_Generation = YES;
				INFOPLIST_KEY_UISupportedInterfaceOrientations_iPad = "UIInterfaceOrientationPortrait UIInterfaceOrientationPortraitUpsideDown UIInterfaceOrientationLandscapeLeft UIInterfaceOrientationLandscapeRight";
				INFOPLIST_KEY_UISupportedInterfaceOrientations_iPhone = "UIInterfaceOrientationPortrait UIInterfaceOrientationLandscapeLeft UIInterfaceOrientationLandscapeRight";
				IPHONEOS_DEPLOYMENT_TARGET = 15.2;
				LD_RUNPATH_SEARCH_PATHS = (
					"$(inherited)",
					"@executable_path/Frameworks",
				);
				MARKETING_VERSION = 1.0;
				PRODUCT_BUNDLE_IDENTIFIER = Thiago.Landmarks;
				PRODUCT_NAME = Landmarks;
				SDKROOT = iphoneos;
				SWIFT_EMIT_LOC_STRINGS = YES;
				SWIFT_VERSION = 5.0;
				TARGETED_DEVICE_FAMILY = "1,2";
			};
			name = Debug;
		};
		AF68070027BF3AAD00E94502 /* Release */ = {
			isa = XCBuildConfiguration;
			buildSettings = {
				ASSETCATALOG_COMPILER_APPICON_NAME = AppIcon;
				ASSETCATALOG_COMPILER_GLOBAL_ACCENT_COLOR_NAME = AccentColor;
				CODE_SIGN_STYLE = Automatic;
				CURRENT_PROJECT_VERSION = 1;
				DEVELOPMENT_TEAM = TBRSJDQ6L7;
				ENABLE_PREVIEWS = YES;
				GENERATE_INFOPLIST_FILE = YES;
				INFOPLIST_KEY_UIApplicationSceneManifest_Generation = YES;
				INFOPLIST_KEY_UIApplicationSupportsIndirectInputEvents = YES;
				INFOPLIST_KEY_UILaunchScreen_Generation = YES;
				INFOPLIST_KEY_UISupportedInterfaceOrientations_iPad = "UIInterfaceOrientationPortrait UIInterfaceOrientationPortraitUpsideDown UIInterfaceOrientationLandscapeLeft UIInterfaceOrientationLandscapeRight";
				INFOPLIST_KEY_UISupportedInterfaceOrientations_iPhone = "UIInterfaceOrientationPortrait UIInterfaceOrientationLandscapeLeft UIInterfaceOrientationLandscapeRight";
				IPHONEOS_DEPLOYMENT_TARGET = 15.2;
				LD_RUNPATH_SEARCH_PATHS = (
					"$(inherited)",
					"@executable_path/Frameworks",
				);
				MARKETING_VERSION = 1.0;
				PRODUCT_BUNDLE_IDENTIFIER = Thiago.Landmarks;
				PRODUCT_NAME = Landmarks;
				SDKROOT = iphoneos;
				SWIFT_EMIT_LOC_STRINGS = YES;
				SWIFT_VERSION = 5.0;
				TARGETED_DEVICE_FAMILY = "1,2";
				VALIDATE_PRODUCT = YES;
			};
			name = Release;
		};
		AF68070227BF3AAD00E94502 /* Debug */ = {
			isa = XCBuildConfiguration;
			buildSettings = {
				ASSETCATALOG_COMPILER_APPICON_NAME = AppIcon;
				ASSETCATALOG_COMPILER_GLOBAL_ACCENT_COLOR_NAME = AccentColor;
				CODE_SIGN_ENTITLEMENTS = macOS/macOS.entitlements;
				CODE_SIGN_STYLE = Automatic;
				COMBINE_HIDPI_IMAGES = YES;
				CURRENT_PROJECT_VERSION = 1;
				DEVELOPMENT_TEAM = TBRSJDQ6L7;
				ENABLE_HARDENED_RUNTIME = YES;
				ENABLE_PREVIEWS = YES;
				GENERATE_INFOPLIST_FILE = YES;
				INFOPLIST_KEY_NSHumanReadableCopyright = "";
				LD_RUNPATH_SEARCH_PATHS = (
					"$(inherited)",
					"@executable_path/../Frameworks",
				);
				MACOSX_DEPLOYMENT_TARGET = 12.0;
				MARKETING_VERSION = 1.0;
				PRODUCT_BUNDLE_IDENTIFIER = Thiago.Landmarks;
				PRODUCT_NAME = Landmarks;
				SDKROOT = macosx;
				SWIFT_EMIT_LOC_STRINGS = YES;
				SWIFT_VERSION = 5.0;
			};
			name = Debug;
		};
		AF68070327BF3AAD00E94502 /* Release */ = {
			isa = XCBuildConfiguration;
			buildSettings = {
				ASSETCATALOG_COMPILER_APPICON_NAME = AppIcon;
				ASSETCATALOG_COMPILER_GLOBAL_ACCENT_COLOR_NAME = AccentColor;
				CODE_SIGN_ENTITLEMENTS = macOS/macOS.entitlements;
				CODE_SIGN_STYLE = Automatic;
				COMBINE_HIDPI_IMAGES = YES;
				CURRENT_PROJECT_VERSION = 1;
				DEVELOPMENT_TEAM = TBRSJDQ6L7;
				ENABLE_HARDENED_RUNTIME = YES;
				ENABLE_PREVIEWS = YES;
				GENERATE_INFOPLIST_FILE = YES;
				INFOPLIST_KEY_NSHumanReadableCopyright = "";
				LD_RUNPATH_SEARCH_PATHS = (
					"$(inherited)",
					"@executable_path/../Frameworks",
				);
				MACOSX_DEPLOYMENT_TARGET = 12.0;
				MARKETING_VERSION = 1.0;
				PRODUCT_BUNDLE_IDENTIFIER = Thiago.Landmarks;
				PRODUCT_NAME = Landmarks;
				SDKROOT = macosx;
				SWIFT_EMIT_LOC_STRINGS = YES;
				SWIFT_VERSION = 5.0;
			};
			name = Release;
		};
/* End XCBuildConfiguration section */

/* Begin XCConfigurationList section */
		AF6806E427BF3AAA00E94502 /* Build configuration list for PBXProject "Landmarks" */ = {
			isa = XCConfigurationList;
			buildConfigurations = (
				AF6806FC27BF3AAC00E94502 /* Debug */,
				AF6806FD27BF3AAC00E94502 /* Release */,
			);
			defaultConfigurationIsVisible = 0;
			defaultConfigurationName = Release;
		};
		AF6806FE27BF3AAD00E94502 /* Build configuration list for PBXNativeTarget "Landmarks (iOS)" */ = {
			isa = XCConfigurationList;
			buildConfigurations = (
				AF6806FF27BF3AAD00E94502 /* Debug */,
				AF68070027BF3AAD00E94502 /* Release */,
			);
			defaultConfigurationIsVisible = 0;
			defaultConfigurationName = Release;
		};
		AF68070127BF3AAD00E94502 /* Build configuration list for PBXNativeTarget "Landmarks (macOS)" */ = {
			isa = XCConfigurationList;
			buildConfigurations = (
				AF68070227BF3AAD00E94502 /* Debug */,
				AF68070327BF3AAD00E94502 /* Release */,
			);
			defaultConfigurationIsVisible = 0;
			defaultConfigurationName = Release;
		};
/* End XCConfigurationList section */
	};
	rootObject = AF6806E127BF3AAA00E94502 /* Project object */;
}
